
Microsoft Visual Studio Solution File, Format Version 12.00
# Visual Studio Version 16
VisualStudioVersion = 16.0.30114.105
MinimumVisualStudioVersion = 10.0.40219.1
Project("{FAE04EC0-301F-11D3-BF4B-00C04F79EFBC}") = "CSC205_ch3", "CSC205_ch3.csproj", "{026B73A9-03D7-4272-AB13-A480145DA4EA}"
EndProject
Global
	GlobalSection(SolutionConfigurationPlatforms) = preSolution
		Debug|Any CPU = Debug|Any CPU
		Release|Any CPU = Release|Any CPU
	EndGlobalSection
	GlobalSection(ProjectConfigurationPlatforms) = postSolution
		{026B73A9-03D7-4272-AB13-A480145DA4EA}.Debug|Any CPU.ActiveCfg = Debug|Any CPU
		{026B73A9-03D7-4272-AB13-A480145DA4EA}.Debug|Any CPU.Build.0 = Debug|Any CPU
		{026B73A9-03D7-4272-AB13-A480145DA4EA}.Release|Any CPU.ActiveCfg = Release|Any CPU
		{026B73A9-03D7-4272-AB13-A480145DA4EA}.Release|Any CPU.Build.0 = Release|Any CPU
	EndGlobalSection
	GlobalSection(SolutionProperties) = preSolution
		HideSolutionNode = FALSE
	EndGlobalSection
	GlobalSection(ExtensibilityGlobals) = postSolution
		SolutionGuid = {00443F9C-1143-45C1-BF41-60695D940230}
	EndGlobalSection
EndGlobal
